
Microsoft Visual Studio Solution File, Format Version 12.00
# Visual Studio Version 17
VisualStudioVersion = 17.13.35919.96
MinimumVisualStudioVersion = 10.0.40219.1
Project("{9A19103F-16F7-4668-BE54-9A1E7A4F7556}") = "EspeciasCapa", "EspeciasCapa\EspeciasCapa.csproj", "{A81B7D37-161E-46AE-A2B0-3FFFCCA4F821}"
EndProject
Project("{FAE04EC0-301F-11D3-BF4B-00C04F79EFBC}") = "ESP.DATA", "ESP.DATA\ESP.DATA.csproj", "{6DC53552-4A47-4747-8DD5-784C44BD1023}"
EndProject
Project("{FAE04EC0-301F-11D3-BF4B-00C04F79EFBC}") = "ESP.MODELS", "ESP.MODELS\ESP.MODELS.csproj", "{7B0B9FBD-1392-43B1-A02B-1E9B221D4A74}"
EndProject
Project("{FAE04EC0-301F-11D3-BF4B-00C04F79EFBC}") = "ESP.REPOSITORY", "ESP.REPOSITORY\ESP.REPOSITORY.csproj", "{95E448CC-6621-48CC-B449-0EC38128678A}"
EndProject
Global
	GlobalSection(SolutionConfigurationPlatforms) = preSolution
		Debug|Any CPU = Debug|Any CPU
		Release|Any CPU = Release|Any CPU
	EndGlobalSection
	GlobalSection(ProjectConfigurationPlatforms) = postSolution
		{A81B7D37-161E-46AE-A2B0-3FFFCCA4F821}.Debug|Any CPU.ActiveCfg = Debug|Any CPU
		{A81B7D37-161E-46AE-A2B0-3FFFCCA4F821}.Debug|Any CPU.Build.0 = Debug|Any CPU
		{A81B7D37-161E-46AE-A2B0-3FFFCCA4F821}.Release|Any CPU.ActiveCfg = Release|Any CPU
		{A81B7D37-161E-46AE-A2B0-3FFFCCA4F821}.Release|Any CPU.Build.0 = Release|Any CPU
		{6DC53552-4A47-4747-8DD5-784C44BD1023}.Debug|Any CPU.ActiveCfg = Debug|Any CPU
		{6DC53552-4A47-4747-8DD5-784C44BD1023}.Debug|Any CPU.Build.0 = Debug|Any CPU
		{6DC53552-4A47-4747-8DD5-784C44BD1023}.Release|Any CPU.ActiveCfg = Release|Any CPU
		{6DC53552-4A47-4747-8DD5-784C44BD1023}.Release|Any CPU.Build.0 = Release|Any CPU
		{7B0B9FBD-1392-43B1-A02B-1E9B221D4A74}.Debug|Any CPU.ActiveCfg = Debug|Any CPU
		{7B0B9FBD-1392-43B1-A02B-1E9B221D4A74}.Debug|Any CPU.Build.0 = Debug|Any CPU
		{7B0B9FBD-1392-43B1-A02B-1E9B221D4A74}.Release|Any CPU.ActiveCfg = Release|Any CPU
		{7B0B9FBD-1392-43B1-A02B-1E9B221D4A74}.Release|Any CPU.Build.0 = Release|Any CPU
		{95E448CC-6621-48CC-B449-0EC38128678A}.Debug|Any CPU.ActiveCfg = Debug|Any CPU
		{95E448CC-6621-48CC-B449-0EC38128678A}.Debug|Any CPU.Build.0 = Debug|Any CPU
		{95E448CC-6621-48CC-B449-0EC38128678A}.Release|Any CPU.ActiveCfg = Release|Any CPU
		{95E448CC-6621-48CC-B449-0EC38128678A}.Release|Any CPU.Build.0 = Release|Any CPU
	EndGlobalSection
	GlobalSection(SolutionProperties) = preSolution
		HideSolutionNode = FALSE
	EndGlobalSection
	GlobalSection(ExtensibilityGlobals) = postSolution
		SolutionGuid = {96DEC042-41D5-4003-9BEF-9B48197791E6}
	EndGlobalSection
EndGlobal
