
Microsoft Visual Studio Solution File, Format Version 12.00
# Visual Studio Version 17
VisualStudioVersion = 17.13.35919.96 d17.13
MinimumVisualStudioVersion = 10.0.40219.1
Project("{FAE04EC0-301F-11D3-BF4B-00C04F79EFBC}") = "EspeciasCapa", "EspeciasCapa\EspeciasCapa.csproj", "{A81B7D37-161E-46AE-A2B0-3FFFCCA4F821}"
EndProject
Global
	GlobalSection(SolutionConfigurationPlatforms) = preSolution
		Debug|Any CPU = Debug|Any CPU
		Release|Any CPU = Release|Any CPU
	EndGlobalSection
	GlobalSection(ProjectConfigurationPlatforms) = postSolution
		{A81B7D37-161E-46AE-A2B0-3FFFCCA4F821}.Debug|Any CPU.ActiveCfg = Debug|Any CPU
		{A81B7D37-161E-46AE-A2B0-3FFFCCA4F821}.Debug|Any CPU.Build.0 = Debug|Any CPU
		{A81B7D37-161E-46AE-A2B0-3FFFCCA4F821}.Release|Any CPU.ActiveCfg = Release|Any CPU
		{A81B7D37-161E-46AE-A2B0-3FFFCCA4F821}.Release|Any CPU.Build.0 = Release|Any CPU
	EndGlobalSection
	GlobalSection(SolutionProperties) = preSolution
		HideSolutionNode = FALSE
	EndGlobalSection
	GlobalSection(ExtensibilityGlobals) = postSolution
		SolutionGuid = {96DEC042-41D5-4003-9BEF-9B48197791E6}
	EndGlobalSection
EndGlobal
